
Microsoft Visual Studio Solution File, Format Version 12.00
# Visual Studio Version 16
VisualStudioVersion = 16.0.29230.47
MinimumVisualStudioVersion = 10.0.40219.1
Project("{FAE04EC0-301F-11D3-BF4B-00C04F79EFBC}") = "MySecondProgram", "MySecondProgram.csproj", "{5214DD7B-C26F-478A-8C4D-01B57FA1DD1A}"
EndProject
Global
	GlobalSection(SolutionConfigurationPlatforms) = preSolution
		Debug|Any CPU = Debug|Any CPU
		Release|Any CPU = Release|Any CPU
	EndGlobalSection
	GlobalSection(ProjectConfigurationPlatforms) = postSolution
		{5214DD7B-C26F-478A-8C4D-01B57FA1DD1A}.Debug|Any CPU.ActiveCfg = Debug|Any CPU
		{5214DD7B-C26F-478A-8C4D-01B57FA1DD1A}.Debug|Any CPU.Build.0 = Debug|Any CPU
		{5214DD7B-C26F-478A-8C4D-01B57FA1DD1A}.Release|Any CPU.ActiveCfg = Release|Any CPU
		{5214DD7B-C26F-478A-8C4D-01B57FA1DD1A}.Release|Any CPU.Build.0 = Release|Any CPU
	EndGlobalSection
	GlobalSection(SolutionProperties) = preSolution
		HideSolutionNode = FALSE
	EndGlobalSection
	GlobalSection(ExtensibilityGlobals) = postSolution
		SolutionGuid = {50C89BB7-3B60-4DB1-879A-4E10D84CF441}
	EndGlobalSection
EndGlobal
